// !$*UTF8*$!
{
	archiveVersion = 1;
	classes = {
	};
	objectVersion = 77;
	objects = {

/* Begin PBXBuildFile section */
		76F0B0682F37B493007EB798 /* WidgetKit.framework in Frameworks */ = {isa = PBXBuildFile; fileRef = 76F0B0672F37B493007EB798 /* WidgetKit.framework */; };
		76F0B06A2F37B493007EB798 /* SwiftUI.framework in Frameworks */ = {isa = PBXBuildFile; fileRef = 76F0B0692F37B493007EB798 /* SwiftUI.framework */; };
		76F0B07B2F37B494007EB798 /* SafaWidgetExtensionExtension.appex in Embed Foundation Extensions */ = {isa = PBXBuildFile; fileRef = 76F0B0652F37B493007EB798 /* SafaWidgetExtensionExtension.appex */; settings = {ATTRIBUTES = (RemoveHeadersOnCopy, ); }; };
		76F0B0BA2F37DB1F007EB798 /* SafaShared in Frameworks */ = {isa = PBXBuildFile; productRef = 76F0B0B92F37DB1F007EB798 /* SafaShared */; };
		76F0B0BC2F37DBC1007EB798 /* SafaShared in Frameworks */ = {isa = PBXBuildFile; productRef = 76F0B0BB2F37DBC1007EB798 /* SafaShared */; };
		B1A2C3D42F40000000000003 /* Adhan in Frameworks */ = {isa = PBXBuildFile; productRef = B1A2C3D42F40000000000002 /* Adhan */; };
		B1F0C0012F50000000000002 /* FoundationModels.framework in Frameworks */ = {isa = PBXBuildFile; fileRef = B1F0C0012F50000000000001 /* FoundationModels.framework */; settings = {ATTRIBUTES = (Weak, ); }; };
/* End PBXBuildFile section */

/* Begin PBXContainerItemProxy section */
		76F09F952F32DE72007EB798 /* PBXContainerItemProxy */ = {
			isa = PBXContainerItemProxy;
			containerPortal = 76F09F7B2F32DE70007EB798 /* Project object */;
			proxyType = 1;
			remoteGlobalIDString = 76F09F822F32DE70007EB798;
			remoteInfo = Safa;
		};
		76F09F9F2F32DE72007EB798 /* PBXContainerItemProxy */ = {
			isa = PBXContainerItemProxy;
			containerPortal = 76F09F7B2F32DE70007EB798 /* Project object */;
			proxyType = 1;
			remoteGlobalIDString = 76F09F822F32DE70007EB798;
			remoteInfo = Safa;
		};
		76F0B0792F37B494007EB798 /* PBXContainerItemProxy */ = {
			isa = PBXContainerItemProxy;
			containerPortal = 76F09F7B2F32DE70007EB798 /* Project object */;
			proxyType = 1;
			remoteGlobalIDString = 76F0B0642F37B493007EB798;
			remoteInfo = SafaWidgetExtensionExtension;
		};
		76F0B0B12F37D6C2007EB798 /* PBXContainerItemProxy */ = {
			isa = PBXContainerItemProxy;
			containerPortal = 76F09F7B2F32DE70007EB798 /* Project object */;
			proxyType = 1;
			remoteGlobalIDString = 76F09F822F32DE70007EB798;
			remoteInfo = Safa;
		};
/* End PBXContainerItemProxy section */

/* Begin PBXCopyFilesBuildPhase section */
		76F0B07C2F37B494007EB798 /* Embed Foundation Extensions */ = {
			isa = PBXCopyFilesBuildPhase;
			buildActionMask = 2147483647;
			dstPath = "";
			dstSubfolderSpec = 13;
			files = (
				76F0B07B2F37B494007EB798 /* SafaWidgetExtensionExtension.appex in Embed Foundation Extensions */,
			);
			name = "Embed Foundation Extensions";
			runOnlyForDeploymentPostprocessing = 0;
		};
/* End PBXCopyFilesBuildPhase section */

/* Begin PBXFileReference section */
		76F09F832F32DE70007EB798 /* Safa.app */ = {isa = PBXFileReference; explicitFileType = wrapper.application; includeInIndex = 0; path = Safa.app; sourceTree = BUILT_PRODUCTS_DIR; };
		76F09F942F32DE72007EB798 /* SafaTests.xctest */ = {isa = PBXFileReference; explicitFileType = wrapper.cfbundle; includeInIndex = 0; path = SafaTests.xctest; sourceTree = BUILT_PRODUCTS_DIR; };
		76F09F9E2F32DE72007EB798 /* SafaUITests.xctest */ = {isa = PBXFileReference; explicitFileType = wrapper.cfbundle; includeInIndex = 0; path = SafaUITests.xctest; sourceTree = BUILT_PRODUCTS_DIR; };
		76F0B0652F37B493007EB798 /* SafaWidgetExtensionExtension.appex */ = {isa = PBXFileReference; explicitFileType = "wrapper.app-extension"; includeInIndex = 0; path = SafaWidgetExtensionExtension.appex; sourceTree = BUILT_PRODUCTS_DIR; };
		76F0B0672F37B493007EB798 /* WidgetKit.framework */ = {isa = PBXFileReference; lastKnownFileType = wrapper.framework; name = WidgetKit.framework; path = System/Library/Frameworks/WidgetKit.framework; sourceTree = SDKROOT; };
		76F0B0692F37B493007EB798 /* SwiftUI.framework */ = {isa = PBXFileReference; lastKnownFileType = wrapper.framework; name = SwiftUI.framework; path = System/Library/Frameworks/SwiftUI.framework; sourceTree = SDKROOT; };
		76F0B0AD2F37D6C2007EB798 /* SafaWidgetTests.xctest */ = {isa = PBXFileReference; explicitFileType = wrapper.cfbundle; includeInIndex = 0; path = SafaWidgetTests.xctest; sourceTree = BUILT_PRODUCTS_DIR; };
		B1F0C0012F50000000000001 /* FoundationModels.framework */ = {isa = PBXFileReference; lastKnownFileType = wrapper.framework; name = FoundationModels.framework; path = System/Library/Frameworks/FoundationModels.framework; sourceTree = SDKROOT; };
/* End PBXFileReference section */

/* Begin PBXFileSystemSynchronizedBuildFileExceptionSet section */
		76F09FA62F32DE72007EB798 /* Exceptions for "Safa" folder in "Safa" target */ = {
			isa = PBXFileSystemSynchronizedBuildFileExceptionSet;
			membershipExceptions = (
				Info.plist,
			);
			target = 76F09F822F32DE70007EB798 /* Safa */;
		};
		76F0B0802F37B494007EB798 /* Exceptions for "SafaWidgetExtension" folder in "SafaWidgetExtensionExtension" target */ = {
			isa = PBXFileSystemSynchronizedBuildFileExceptionSet;
			membershipExceptions = (
				Info.plist,
			);
			target = 76F0B0642F37B493007EB798 /* SafaWidgetExtensionExtension */;
		};
/* End PBXFileSystemSynchronizedBuildFileExceptionSet section */

/* Begin PBXFileSystemSynchronizedRootGroup section */
		76F09F852F32DE70007EB798 /* Safa */ = {
			isa = PBXFileSystemSynchronizedRootGroup;
			exceptions = (
				76F09FA62F32DE72007EB798 /* Exceptions for "Safa" folder in "Safa" target */,
			);
			path = Safa;
			sourceTree = "<group>";
		};
		76F09F972F32DE72007EB798 /* SafaTests */ = {
			isa = PBXFileSystemSynchronizedRootGroup;
			path = SafaTests;
			sourceTree = "<group>";
		};
		76F09FA12F32DE72007EB798 /* SafaUITests */ = {
			isa = PBXFileSystemSynchronizedRootGroup;
			path = SafaUITests;
			sourceTree = "<group>";
		};
		76F0B06B2F37B493007EB798 /* SafaWidgetExtension */ = {
			isa = PBXFileSystemSynchronizedRootGroup;
			exceptions = (
				76F0B0802F37B494007EB798 /* Exceptions for "SafaWidgetExtension" folder in "SafaWidgetExtensionExtension" target */,
			);
			path = SafaWidgetExtension;
			sourceTree = "<group>";
		};
/* End PBXFileSystemSynchronizedRootGroup section */

/* Begin PBXFrameworksBuildPhase section */
		76F09F802F32DE70007EB798 /* Frameworks */ = {
			isa = PBXFrameworksBuildPhase;
			buildActionMask = 2147483647;
			files = (
				B1A2C3D42F40000000000003 /* Adhan in Frameworks */,
				76F0B0BA2F37DB1F007EB798 /* SafaShared in Frameworks */,
				B1F0C0012F50000000000002 /* FoundationModels.framework in Frameworks */,
			);
			runOnlyForDeploymentPostprocessing = 0;
		};
		76F09F912F32DE72007EB798 /* Frameworks */ = {
			isa = PBXFrameworksBuildPhase;
			buildActionMask = 2147483647;
			files = (
			);
			runOnlyForDeploymentPostprocessing = 0;
		};
		76F09F9B2F32DE72007EB798 /* Frameworks */ = {
			isa = PBXFrameworksBuildPhase;
			buildActionMask = 2147483647;
			files = (
			);
			runOnlyForDeploymentPostprocessing = 0;
		};
		76F0B0622F37B493007EB798 /* Frameworks */ = {
			isa = PBXFrameworksBuildPhase;
			buildActionMask = 2147483647;
			files = (
				76F0B0BC2F37DBC1007EB798 /* SafaShared in Frameworks */,
				76F0B06A2F37B493007EB798 /* SwiftUI.framework in Frameworks */,
				76F0B0682F37B493007EB798 /* WidgetKit.framework in Frameworks */,
			);
			runOnlyForDeploymentPostprocessing = 0;
		};
		76F0B0AA2F37D6C2007EB798 /* Frameworks */ = {
			isa = PBXFrameworksBuildPhase;
			buildActionMask = 2147483647;
			files = (
			);
			runOnlyForDeploymentPostprocessing = 0;
		};
/* End PBXFrameworksBuildPhase section */

/* Begin PBXGroup section */
		76F09F7A2F32DE70007EB798 = {
			isa = PBXGroup;
			children = (
				76F09F852F32DE70007EB798 /* Safa */,
				76F09F972F32DE72007EB798 /* SafaTests */,
				76F09FA12F32DE72007EB798 /* SafaUITests */,
				76F0B06B2F37B493007EB798 /* SafaWidgetExtension */,
				76F0B0662F37B493007EB798 /* Frameworks */,
				76F09F842F32DE70007EB798 /* Products */,
			);
			sourceTree = "<group>";
		};
		76F09F842F32DE70007EB798 /* Products */ = {
			isa = PBXGroup;
			children = (
				76F09F832F32DE70007EB798 /* Safa.app */,
				76F09F942F32DE72007EB798 /* SafaTests.xctest */,
				76F09F9E2F32DE72007EB798 /* SafaUITests.xctest */,
				76F0B0652F37B493007EB798 /* SafaWidgetExtensionExtension.appex */,
				76F0B0AD2F37D6C2007EB798 /* SafaWidgetTests.xctest */,
			);
			name = Products;
			sourceTree = "<group>";
		};
		76F0B0662F37B493007EB798 /* Frameworks */ = {
			isa = PBXGroup;
			children = (
				B1F0C0012F50000000000001 /* FoundationModels.framework */,
				76F0B0672F37B493007EB798 /* WidgetKit.framework */,
				76F0B0692F37B493007EB798 /* SwiftUI.framework */,
			);
			name = Frameworks;
			sourceTree = "<group>";
		};
/* End PBXGroup section */

/* Begin PBXNativeTarget section */
		76F09F822F32DE70007EB798 /* Safa */ = {
			isa = PBXNativeTarget;
			buildConfigurationList = 76F09FA72F32DE72007EB798 /* Build configuration list for PBXNativeTarget "Safa" */;
			buildPhases = (
				76F09F7F2F32DE70007EB798 /* Sources */,
				76F09F802F32DE70007EB798 /* Frameworks */,
				76F09F812F32DE70007EB798 /* Resources */,
				A1B2C3D40000000000000001 /* Set Build Number from Git */,
				76F0B07C2F37B494007EB798 /* Embed Foundation Extensions */,
			);
			buildRules = (
			);
			dependencies = (
				76F0B07A2F37B494007EB798 /* PBXTargetDependency */,
			);
			fileSystemSynchronizedGroups = (
				76F09F852F32DE70007EB798 /* Safa */,
			);
			name = Safa;
			packageProductDependencies = (
				B1A2C3D42F40000000000002 /* Adhan */,
				76F0B0B92F37DB1F007EB798 /* SafaShared */,
			);
			productName = Safa;
			productReference = 76F09F832F32DE70007EB798 /* Safa.app */;
			productType = "com.apple.product-type.application";
		};
		76F09F932F32DE72007EB798 /* SafaTests */ = {
			isa = PBXNativeTarget;
			buildConfigurationList = 76F09FAC2F32DE72007EB798 /* Build configuration list for PBXNativeTarget "SafaTests" */;
			buildPhases = (
				76F09F902F32DE72007EB798 /* Sources */,
				76F09F912F32DE72007EB798 /* Frameworks */,
				76F09F922F32DE72007EB798 /* Resources */,
			);
			buildRules = (
			);
			dependencies = (
				76F09F962F32DE72007EB798 /* PBXTargetDependency */,
			);
			fileSystemSynchronizedGroups = (
				76F09F972F32DE72007EB798 /* SafaTests */,
			);
			name = SafaTests;
			packageProductDependencies = (
			);
			productName = SafaTests;
			productReference = 76F09F942F32DE72007EB798 /* SafaTests.xctest */;
			productType = "com.apple.product-type.bundle.unit-test";
		};
		76F09F9D2F32DE72007EB798 /* SafaUITests */ = {
			isa = PBXNativeTarget;
			buildConfigurationList = 76F09FAF2F32DE72007EB798 /* Build configuration list for PBXNativeTarget "SafaUITests" */;
			buildPhases = (
				76F09F9A2F32DE72007EB798 /* Sources */,
				76F09F9B2F32DE72007EB798 /* Frameworks */,
				76F09F9C2F32DE72007EB798 /* Resources */,
			);
			buildRules = (
			);
			dependencies = (
				76F09FA02F32DE72007EB798 /* PBXTargetDependency */,
			);
			fileSystemSynchronizedGroups = (
				76F09FA12F32DE72007EB798 /* SafaUITests */,
			);
			name = SafaUITests;
			packageProductDependencies = (
			);
			productName = SafaUITests;
			productReference = 76F09F9E2F32DE72007EB798 /* SafaUITests.xctest */;
			productType = "com.apple.product-type.bundle.ui-testing";
		};
		76F0B0642F37B493007EB798 /* SafaWidgetExtensionExtension */ = {
			isa = PBXNativeTarget;
			buildConfigurationList = 76F0B07F2F37B494007EB798 /* Build configuration list for PBXNativeTarget "SafaWidgetExtensionExtension" */;
			buildPhases = (
				76F0B0612F37B493007EB798 /* Sources */,
				76F0B0622F37B493007EB798 /* Frameworks */,
				76F0B0632F37B493007EB798 /* Resources */,
				A1B2C3D40000000000000002 /* Set Build Number from Git */,
			);
			buildRules = (
			);
			dependencies = (
			);
			fileSystemSynchronizedGroups = (
				76F0B06B2F37B493007EB798 /* SafaWidgetExtension */,
			);
			name = SafaWidgetExtensionExtension;
			packageProductDependencies = (
				76F0B0BB2F37DBC1007EB798 /* SafaShared */,
			);
			productName = SafaWidgetExtensionExtension;
			productReference = 76F0B0652F37B493007EB798 /* SafaWidgetExtensionExtension.appex */;
			productType = "com.apple.product-type.app-extension";
		};
		76F0B0AC2F37D6C2007EB798 /* SafaWidgetTests */ = {
			isa = PBXNativeTarget;
			buildConfigurationList = 76F0B0B32F37D6C2007EB798 /* Build configuration list for PBXNativeTarget "SafaWidgetTests" */;
			buildPhases = (
				76F0B0A92F37D6C2007EB798 /* Sources */,
				76F0B0AA2F37D6C2007EB798 /* Frameworks */,
				76F0B0AB2F37D6C2007EB798 /* Resources */,
			);
			buildRules = (
			);
			dependencies = (
				76F0B0B22F37D6C2007EB798 /* PBXTargetDependency */,
			);
			name = SafaWidgetTests;
			packageProductDependencies = (
			);
			productName = SafaWidgetTests;
			productReference = 76F0B0AD2F37D6C2007EB798 /* SafaWidgetTests.xctest */;
			productType = "com.apple.product-type.bundle.unit-test";
		};
/* End PBXNativeTarget section */

/* Begin PBXProject section */
		76F09F7B2F32DE70007EB798 /* Project object */ = {
			isa = PBXProject;
			attributes = {
				BuildIndependentTargetsInParallel = 1;
				LastSwiftUpdateCheck = 2620;
				LastUpgradeCheck = 2620;
				TargetAttributes = {
					76F09F822F32DE70007EB798 = {
						CreatedOnToolsVersion = 26.2;
					};
					76F09F932F32DE72007EB798 = {
						CreatedOnToolsVersion = 26.2;
						TestTargetID = 76F09F822F32DE70007EB798;
					};
					76F09F9D2F32DE72007EB798 = {
						CreatedOnToolsVersion = 26.2;
						TestTargetID = 76F09F822F32DE70007EB798;
					};
					76F0B0642F37B493007EB798 = {
						CreatedOnToolsVersion = 26.2;
					};
					76F0B0AC2F37D6C2007EB798 = {
						CreatedOnToolsVersion = 26.2;
						TestTargetID = 76F09F822F32DE70007EB798;
					};
				};
			};
			buildConfigurationList = 76F09F7E2F32DE70007EB798 /* Build configuration list for PBXProject "Safa" */;
			developmentRegion = en;
			hasScannedForEncodings = 0;
			knownRegions = (
				en,
				ar,
				id,
				ur,
				bn,
				fr,
				ms,
				tr,
				fa,
				Base,
			);
			mainGroup = 76F09F7A2F32DE70007EB798;
			minimizedProjectReferenceProxies = 1;
			packageReferences = (
				B1A2C3D42F40000000000001 /* XCRemoteSwiftPackageReference "adhan-swift" */,
				76F0B0B82F37DB1F007EB798 /* XCLocalSwiftPackageReference "SafaShared" */,
			);
			preferredProjectObjectVersion = 77;
			productRefGroup = 76F09F842F32DE70007EB798 /* Products */;
			projectDirPath = "";
			projectRoot = "";
			targets = (
				76F09F822F32DE70007EB798 /* Safa */,
				76F09F932F32DE72007EB798 /* SafaTests */,
				76F09F9D2F32DE72007EB798 /* SafaUITests */,
				76F0B0642F37B493007EB798 /* SafaWidgetExtensionExtension */,
				76F0B0AC2F37D6C2007EB798 /* SafaWidgetTests */,
			);
		};
/* End PBXProject section */

/* Begin PBXResourcesBuildPhase section */
		76F09F812F32DE70007EB798 /* Resources */ = {
			isa = PBXResourcesBuildPhase;
			buildActionMask = 2147483647;
			files = (
			);
			runOnlyForDeploymentPostprocessing = 0;
		};
		76F09F922F32DE72007EB798 /* Resources */ = {
			isa = PBXResourcesBuildPhase;
			buildActionMask = 2147483647;
			files = (
			);
			runOnlyForDeploymentPostprocessing = 0;
		};
		76F09F9C2F32DE72007EB798 /* Resources */ = {
			isa = PBXResourcesBuildPhase;
			buildActionMask = 2147483647;
			files = (
			);
			runOnlyForDeploymentPostprocessing = 0;
		};
		76F0B0632F37B493007EB798 /* Resources */ = {
			isa = PBXResourcesBuildPhase;
			buildActionMask = 2147483647;
			files = (
			);
			runOnlyForDeploymentPostprocessing = 0;
		};
		76F0B0AB2F37D6C2007EB798 /* Resources */ = {
			isa = PBXResourcesBuildPhase;
			buildActionMask = 2147483647;
			files = (
			);
			runOnlyForDeploymentPostprocessing = 0;
		};
/* End PBXResourcesBuildPhase section */

/* Begin PBXShellScriptBuildPhase section */
		A1B2C3D40000000000000001 /* Set Build Number from Git */ = {
			isa = PBXShellScriptBuildPhase;
			alwaysOutOfDate = 1;
			buildActionMask = 2147483647;
			files = (
			);
			inputFileListPaths = (
			);
			inputPaths = (
			);
			name = "Set Build Number from Git";
			outputFileListPaths = (
			);
			outputPaths = (
			);
			runOnlyForDeploymentPostprocessing = 0;
			shellPath = /bin/sh;
			shellScript = "# Count commits since last version tag (vX.Y format)\nLATEST_TAG=$(git describe --tags --abbrev=0 --match \"v*\" 2>/dev/null || echo \"\")\nif [ -z \"$LATEST_TAG\" ]; then\n    BUILD_NUMBER=$(git rev-list --count HEAD)\nelse\n    BUILD_NUMBER=$(git rev-list --count ${LATEST_TAG}..HEAD)\nfi\n\n# Fallback to 1 if no commits found\nif [ \"$BUILD_NUMBER\" = \"0\" ] || [ -z \"$BUILD_NUMBER\" ]; then\n    BUILD_NUMBER=1\nfi\n\n/usr/libexec/PlistBuddy -c \"Set :CFBundleVersion $BUILD_NUMBER\" \"${TARGET_BUILD_DIR}/${INFOPLIST_PATH}\"\necho \"Build number set to $BUILD_NUMBER (commits since $LATEST_TAG)\"\n";
		};
		A1B2C3D40000000000000002 /* Set Build Number from Git */ = {
			isa = PBXShellScriptBuildPhase;
			alwaysOutOfDate = 1;
			buildActionMask = 2147483647;
			files = (
			);
			inputFileListPaths = (
			);
			inputPaths = (
			);
			name = "Set Build Number from Git";
			outputFileListPaths = (
			);
			outputPaths = (
			);
			runOnlyForDeploymentPostprocessing = 0;
			shellPath = /bin/sh;
			shellScript = "# Count commits since last version tag (vX.Y format)\nLATEST_TAG=$(git describe --tags --abbrev=0 --match \"v*\" 2>/dev/null || echo \"\")\nif [ -z \"$LATEST_TAG\" ]; then\n    BUILD_NUMBER=$(git rev-list --count HEAD)\nelse\n    BUILD_NUMBER=$(git rev-list --count ${LATEST_TAG}..HEAD)\nfi\n\n# Fallback to 1 if no commits found\nif [ \"$BUILD_NUMBER\" = \"0\" ] || [ -z \"$BUILD_NUMBER\" ]; then\n    BUILD_NUMBER=1\nfi\n\n/usr/libexec/PlistBuddy -c \"Set :CFBundleVersion $BUILD_NUMBER\" \"${TARGET_BUILD_DIR}/${INFOPLIST_PATH}\"\necho \"Build number set to $BUILD_NUMBER (commits since $LATEST_TAG)\"\n";
		};
/* End PBXShellScriptBuildPhase section */

/* Begin PBXSourcesBuildPhase section */
		76F09F7F2F32DE70007EB798 /* Sources */ = {
			isa = PBXSourcesBuildPhase;
			buildActionMask = 2147483647;
			files = (
			);
			runOnlyForDeploymentPostprocessing = 0;
		};
		76F09F902F32DE72007EB798 /* Sources */ = {
			isa = PBXSourcesBuildPhase;
			buildActionMask = 2147483647;
			files = (
			);
			runOnlyForDeploymentPostprocessing = 0;
		};
		76F09F9A2F32DE72007EB798 /* Sources */ = {
			isa = PBXSourcesBuildPhase;
			buildActionMask = 2147483647;
			files = (
			);
			runOnlyForDeploymentPostprocessing = 0;
		};
		76F0B0612F37B493007EB798 /* Sources */ = {
			isa = PBXSourcesBuildPhase;
			buildActionMask = 2147483647;
			files = (
			);
			runOnlyForDeploymentPostprocessing = 0;
		};
		76F0B0A92F37D6C2007EB798 /* Sources */ = {
			isa = PBXSourcesBuildPhase;
			buildActionMask = 2147483647;
			files = (
			);
			runOnlyForDeploymentPostprocessing = 0;
		};
/* End PBXSourcesBuildPhase section */

/* Begin PBXTargetDependency section */
		76F09F962F32DE72007EB798 /* PBXTargetDependency */ = {
			isa = PBXTargetDependency;
			target = 76F09F822F32DE70007EB798 /* Safa */;
			targetProxy = 76F09F952F32DE72007EB798 /* PBXContainerItemProxy */;
		};
		76F09FA02F32DE72007EB798 /* PBXTargetDependency */ = {
			isa = PBXTargetDependency;
			target = 76F09F822F32DE70007EB798 /* Safa */;
			targetProxy = 76F09F9F2F32DE72007EB798 /* PBXContainerItemProxy */;
		};
		76F0B07A2F37B494007EB798 /* PBXTargetDependency */ = {
			isa = PBXTargetDependency;
			target = 76F0B0642F37B493007EB798 /* SafaWidgetExtensionExtension */;
			targetProxy = 76F0B0792F37B494007EB798 /* PBXContainerItemProxy */;
		};
		76F0B0B22F37D6C2007EB798 /* PBXTargetDependency */ = {
			isa = PBXTargetDependency;
			target = 76F09F822F32DE70007EB798 /* Safa */;
			targetProxy = 76F0B0B12F37D6C2007EB798 /* PBXContainerItemProxy */;
		};
/* End PBXTargetDependency section */

/* Begin XCBuildConfiguration section */
		76F09FA82F32DE72007EB798 /* Debug */ = {
			isa = XCBuildConfiguration;
			buildSettings = {
				ASSETCATALOG_COMPILER_APPICON_NAME = AppIcon;
				ASSETCATALOG_COMPILER_GLOBAL_ACCENT_COLOR_NAME = AccentColor;
				CODE_SIGN_ENTITLEMENTS = Safa/Safa.entitlements;
				CODE_SIGN_IDENTITY = "Apple Development";
				CODE_SIGN_STYLE = Automatic;
				CURRENT_PROJECT_VERSION = 25;
				DEVELOPMENT_TEAM = WHV4D5B6R6;
				ENABLE_PREVIEWS = YES;
				GENERATE_INFOPLIST_FILE = YES;
				INFOPLIST_FILE = Safa/Info.plist;
				INFOPLIST_KEY_CFBundleDisplayName = Safa;
				INFOPLIST_KEY_ITSAppUsesNonExemptEncryption = NO;
				INFOPLIST_KEY_LSApplicationCategoryType = "public.app-category.education";
				INFOPLIST_KEY_NSHealthShareUsageDescription = "Safa can read selected Apple Health data when you enable Health sync to support Ramadan and fasting-related insights.";
				INFOPLIST_KEY_NSHealthUpdateUsageDescription = "Safa writes your fasting sessions to Apple Health only when you choose to sync your Ramadan fasting activity.";
				INFOPLIST_KEY_NSLocationWhenInUseUsageDescription = "Safa uses your location to calculate accurate prayer times, determine Qibla direction, and recommend settings for your region.";
				INFOPLIST_KEY_NSMicrophoneUsageDescription = "Safa uses your microphone during pronunciation practice so it can compare recitation and provide feedback.";
				INFOPLIST_KEY_NSSpeechRecognitionUsageDescription = "Safa uses speech recognition during pronunciation practice to transcribe your recitation and help improve accuracy.";
				INFOPLIST_KEY_NSSupportsLiveActivities = YES;
				INFOPLIST_KEY_UIApplicationSceneManifest_Generation = YES;
				INFOPLIST_KEY_UIApplicationSupportsIndirectInputEvents = YES;
				INFOPLIST_KEY_UILaunchScreen_Generation = YES;
				INFOPLIST_KEY_UISupportedInterfaceOrientations_iPad = "UIInterfaceOrientationPortrait UIInterfaceOrientationPortraitUpsideDown UIInterfaceOrientationLandscapeLeft UIInterfaceOrientationLandscapeRight";
				INFOPLIST_KEY_UISupportedInterfaceOrientations_iPhone = "UIInterfaceOrientationPortrait UIInterfaceOrientationLandscapeLeft UIInterfaceOrientationLandscapeRight";
				LD_RUNPATH_SEARCH_PATHS = (
					"$(inherited)",
					"@executable_path/Frameworks",
				);
				MARKETING_VERSION = 2.5.0;
				PRODUCT_BUNDLE_IDENTIFIER = Mawj.Safa;
				PRODUCT_NAME = "$(TARGET_NAME)";
				PROVISIONING_PROFILE_SPECIFIER = "";
				STRING_CATALOG_GENERATE_SYMBOLS = YES;
				SUPPORTED_PLATFORMS = "iphoneos iphonesimulator";
				SUPPORTS_MACCATALYST = NO;
				SUPPORTS_XR_DESIGNED_FOR_IPHONE_IPAD = NO;
				SWIFT_APPROACHABLE_CONCURRENCY = YES;
				SWIFT_DEFAULT_ACTOR_ISOLATION = MainActor;
				SWIFT_EMIT_LOC_STRINGS = YES;
				SWIFT_UPCOMING_FEATURE_MEMBER_IMPORT_VISIBILITY = YES;
				SWIFT_VERSION = 5.0;
				TARGETED_DEVICE_FAMILY = "1,2";
			};
			name = Debug;
		};
		76F09FA92F32DE72007EB798 /* Release */ = {
			isa = XCBuildConfiguration;
			buildSettings = {
				ASSETCATALOG_COMPILER_APPICON_NAME = AppIcon;
				ASSETCATALOG_COMPILER_GLOBAL_ACCENT_COLOR_NAME = AccentColor;
				CODE_SIGN_ENTITLEMENTS = Safa/Safa.entitlements;
				CODE_SIGN_IDENTITY = "Apple Development";
				CODE_SIGN_STYLE = Automatic;
				CURRENT_PROJECT_VERSION = 25;
				DEVELOPMENT_TEAM = WHV4D5B6R6;
				ENABLE_PREVIEWS = YES;
				GENERATE_INFOPLIST_FILE = YES;
				INFOPLIST_FILE = Safa/Info.plist;
				INFOPLIST_KEY_CFBundleDisplayName = Safa;
				INFOPLIST_KEY_ITSAppUsesNonExemptEncryption = NO;
				INFOPLIST_KEY_LSApplicationCategoryType = "public.app-category.education";
				INFOPLIST_KEY_NSHealthShareUsageDescription = "Safa can read selected Apple Health data when you enable Health sync to support Ramadan and fasting-related insights.";
				INFOPLIST_KEY_NSHealthUpdateUsageDescription = "Safa writes your fasting sessions to Apple Health only when you choose to sync your Ramadan fasting activity.";
				INFOPLIST_KEY_NSLocationWhenInUseUsageDescription = "Safa uses your location to calculate accurate prayer times, determine Qibla direction, and recommend settings for your region.";
				INFOPLIST_KEY_NSMicrophoneUsageDescription = "Safa uses your microphone during pronunciation practice so it can compare recitation and provide feedback.";
				INFOPLIST_KEY_NSSpeechRecognitionUsageDescription = "Safa uses speech recognition during pronunciation practice to transcribe your recitation and help improve accuracy.";
				INFOPLIST_KEY_NSSupportsLiveActivities = YES;
				INFOPLIST_KEY_UIApplicationSceneManifest_Generation = YES;
				INFOPLIST_KEY_UIApplicationSupportsIndirectInputEvents = YES;
				INFOPLIST_KEY_UILaunchScreen_Generation = YES;
				INFOPLIST_KEY_UISupportedInterfaceOrientations_iPad = "UIInterfaceOrientationPortrait UIInterfaceOrientationPortraitUpsideDown UIInterfaceOrientationLandscapeLeft UIInterfaceOrientationLandscapeRight";
				INFOPLIST_KEY_UISupportedInterfaceOrientations_iPhone = "UIInterfaceOrientationPortrait UIInterfaceOrientationLandscapeLeft UIInterfaceOrientationLandscapeRight";
				LD_RUNPATH_SEARCH_PATHS = (
					"$(inherited)",
					"@executable_path/Frameworks",
				);
				MARKETING_VERSION = 2.5.0;
				PRODUCT_BUNDLE_IDENTIFIER = Mawj.Safa;
				PRODUCT_NAME = "$(TARGET_NAME)";
				PROVISIONING_PROFILE_SPECIFIER = "";
				STRING_CATALOG_GENERATE_SYMBOLS = YES;
				SUPPORTED_PLATFORMS = "iphoneos iphonesimulator";
				SUPPORTS_MACCATALYST = NO;
				SUPPORTS_XR_DESIGNED_FOR_IPHONE_IPAD = NO;
				SWIFT_APPROACHABLE_CONCURRENCY = YES;
				SWIFT_DEFAULT_ACTOR_ISOLATION = MainActor;
				SWIFT_EMIT_LOC_STRINGS = YES;
				SWIFT_UPCOMING_FEATURE_MEMBER_IMPORT_VISIBILITY = YES;
				SWIFT_VERSION = 5.0;
				TARGETED_DEVICE_FAMILY = "1,2";
			};
			name = Release;
		};
		76F09FAA2F32DE72007EB798 /* Debug */ = {
			isa = XCBuildConfiguration;
			buildSettings = {
				ALWAYS_SEARCH_USER_PATHS = NO;
				ASSETCATALOG_COMPILER_GENERATE_SWIFT_ASSET_SYMBOL_EXTENSIONS = YES;
				CLANG_ANALYZER_NONNULL = YES;
				CLANG_ANALYZER_NUMBER_OBJECT_CONVERSION = YES_AGGRESSIVE;
				CLANG_CXX_LANGUAGE_STANDARD = "gnu++20";
				CLANG_ENABLE_MODULES = YES;
				CLANG_ENABLE_OBJC_ARC = YES;
				CLANG_ENABLE_OBJC_WEAK = YES;
				CLANG_WARN_BLOCK_CAPTURE_AUTORELEASING = YES;
				CLANG_WARN_BOOL_CONVERSION = YES;
				CLANG_WARN_COMMA = YES;
				CLANG_WARN_CONSTANT_CONVERSION = YES;
				CLANG_WARN_DEPRECATED_OBJC_IMPLEMENTATIONS = YES;
				CLANG_WARN_DIRECT_OBJC_ISA_USAGE = YES_ERROR;
				CLANG_WARN_DOCUMENTATION_COMMENTS = YES;
				CLANG_WARN_EMPTY_BODY = YES;
				CLANG_WARN_ENUM_CONVERSION = YES;
				CLANG_WARN_INFINITE_RECURSION = YES;
				CLANG_WARN_INT_CONVERSION = YES;
				CLANG_WARN_NON_LITERAL_NULL_CONVERSION = YES;
				CLANG_WARN_OBJC_IMPLICIT_RETAIN_SELF = YES;
				CLANG_WARN_OBJC_LITERAL_CONVERSION = YES;
				CLANG_WARN_OBJC_ROOT_CLASS = YES_ERROR;
				CLANG_WARN_QUOTED_INCLUDE_IN_FRAMEWORK_HEADER = YES;
				CLANG_WARN_RANGE_LOOP_ANALYSIS = YES;
				CLANG_WARN_STRICT_PROTOTYPES = YES;
				CLANG_WARN_SUSPICIOUS_MOVE = YES;
				CLANG_WARN_UNGUARDED_AVAILABILITY = YES_AGGRESSIVE;
				CLANG_WARN_UNREACHABLE_CODE = YES;
				CLANG_WARN__DUPLICATE_METHOD_MATCH = YES;
				COPY_PHASE_STRIP = NO;
				DEBUG_INFORMATION_FORMAT = dwarf;
				ENABLE_STRICT_OBJC_MSGSEND = YES;
				ENABLE_TESTABILITY = YES;
				ENABLE_USER_SCRIPT_SANDBOXING = YES;
				GCC_C_LANGUAGE_STANDARD = gnu17;
				GCC_DYNAMIC_NO_PIC = NO;
				GCC_NO_COMMON_BLOCKS = YES;
				GCC_OPTIMIZATION_LEVEL = 0;
				GCC_PREPROCESSOR_DEFINITIONS = (
					"DEBUG=1",
					"$(inherited)",
				);
				GCC_WARN_64_TO_32_BIT_CONVERSION = YES;
				GCC_WARN_ABOUT_RETURN_TYPE = YES_ERROR;
				GCC_WARN_UNDECLARED_SELECTOR = YES;
				GCC_WARN_UNINITIALIZED_AUTOS = YES_AGGRESSIVE;
				GCC_WARN_UNUSED_FUNCTION = YES;
				GCC_WARN_UNUSED_VARIABLE = YES;
				IPHONEOS_DEPLOYMENT_TARGET = 17.0;
				LOCALIZATION_PREFERS_STRING_CATALOGS = YES;
				MTL_ENABLE_DEBUG_INFO = INCLUDE_SOURCE;
				MTL_FAST_MATH = YES;
				ONLY_ACTIVE_ARCH = YES;
				SDKROOT = iphoneos;
				SWIFT_ACTIVE_COMPILATION_CONDITIONS = "DEBUG $(inherited)";
				SWIFT_OPTIMIZATION_LEVEL = "-Onone";
			};
			name = Debug;
		};
		76F09FAB2F32DE72007EB798 /* Release */ = {
			isa = XCBuildConfiguration;
			buildSettings = {
				ALWAYS_SEARCH_USER_PATHS = NO;
				ASSETCATALOG_COMPILER_GENERATE_SWIFT_ASSET_SYMBOL_EXTENSIONS = YES;
				CLANG_ANALYZER_NONNULL = YES;
				CLANG_ANALYZER_NUMBER_OBJECT_CONVERSION = YES_AGGRESSIVE;
				CLANG_CXX_LANGUAGE_STANDARD = "gnu++20";
				CLANG_ENABLE_MODULES = YES;
				CLANG_ENABLE_OBJC_ARC = YES;
				CLANG_ENABLE_OBJC_WEAK = YES;
				CLANG_WARN_BLOCK_CAPTURE_AUTORELEASING = YES;
				CLANG_WARN_BOOL_CONVERSION = YES;
				CLANG_WARN_COMMA = YES;
				CLANG_WARN_CONSTANT_CONVERSION = YES;
				CLANG_WARN_DEPRECATED_OBJC_IMPLEMENTATIONS = YES;
				CLANG_WARN_DIRECT_OBJC_ISA_USAGE = YES_ERROR;
				CLANG_WARN_DOCUMENTATION_COMMENTS = YES;
				CLANG_WARN_EMPTY_BODY = YES;
				CLANG_WARN_ENUM_CONVERSION = YES;
				CLANG_WARN_INFINITE_RECURSION = YES;
				CLANG_WARN_INT_CONVERSION = YES;
				CLANG_WARN_NON_LITERAL_NULL_CONVERSION = YES;
				CLANG_WARN_OBJC_IMPLICIT_RETAIN_SELF = YES;
				CLANG_WARN_OBJC_LITERAL_CONVERSION = YES;
				CLANG_WARN_OBJC_ROOT_CLASS = YES_ERROR;
				CLANG_WARN_QUOTED_INCLUDE_IN_FRAMEWORK_HEADER = YES;
				CLANG_WARN_RANGE_LOOP_ANALYSIS = YES;
				CLANG_WARN_STRICT_PROTOTYPES = YES;
				CLANG_WARN_SUSPICIOUS_MOVE = YES;
				CLANG_WARN_UNGUARDED_AVAILABILITY = YES_AGGRESSIVE;
				CLANG_WARN_UNREACHABLE_CODE = YES;
				CLANG_WARN__DUPLICATE_METHOD_MATCH = YES;
				COPY_PHASE_STRIP = NO;
				DEBUG_INFORMATION_FORMAT = "dwarf-with-dsym";
				ENABLE_NS_ASSERTIONS = NO;
				ENABLE_STRICT_OBJC_MSGSEND = YES;
				ENABLE_USER_SCRIPT_SANDBOXING = YES;
				GCC_C_LANGUAGE_STANDARD = gnu17;
				GCC_NO_COMMON_BLOCKS = YES;
				GCC_WARN_64_TO_32_BIT_CONVERSION = YES;
				GCC_WARN_ABOUT_RETURN_TYPE = YES_ERROR;
				GCC_WARN_UNDECLARED_SELECTOR = YES;
				GCC_WARN_UNINITIALIZED_AUTOS = YES_AGGRESSIVE;
				GCC_WARN_UNUSED_FUNCTION = YES;
				GCC_WARN_UNUSED_VARIABLE = YES;
				IPHONEOS_DEPLOYMENT_TARGET = 17.0;
				LOCALIZATION_PREFERS_STRING_CATALOGS = YES;
				MTL_ENABLE_DEBUG_INFO = NO;
				MTL_FAST_MATH = YES;
				SDKROOT = iphoneos;
				SWIFT_COMPILATION_MODE = wholemodule;
				VALIDATE_PRODUCT = YES;
			};
			name = Release;
		};
		76F09FAD2F32DE72007EB798 /* Debug */ = {
			isa = XCBuildConfiguration;
			buildSettings = {
				BUNDLE_LOADER = "$(TEST_HOST)";
				CODE_SIGN_STYLE = Automatic;
				CURRENT_PROJECT_VERSION = 25;
				DEVELOPMENT_TEAM = WHV4D5B6R6;
				GENERATE_INFOPLIST_FILE = YES;
				IPHONEOS_DEPLOYMENT_TARGET = 17.0;
				MARKETING_VERSION = 2.5.0;
				PRODUCT_BUNDLE_IDENTIFIER = Mawj.SafaTests;
				PRODUCT_NAME = "$(TARGET_NAME)";
				STRING_CATALOG_GENERATE_SYMBOLS = NO;
				SWIFT_APPROACHABLE_CONCURRENCY = YES;
				SWIFT_EMIT_LOC_STRINGS = NO;
				SWIFT_UPCOMING_FEATURE_MEMBER_IMPORT_VISIBILITY = YES;
				SWIFT_VERSION = 5.0;
				TARGETED_DEVICE_FAMILY = "1,2";
				TEST_HOST = "$(BUILT_PRODUCTS_DIR)/Safa.app/$(BUNDLE_EXECUTABLE_FOLDER_PATH)/Safa";
			};
			name = Debug;
		};
		76F09FAE2F32DE72007EB798 /* Release */ = {
			isa = XCBuildConfiguration;
			buildSettings = {
				BUNDLE_LOADER = "$(TEST_HOST)";
				CODE_SIGN_STYLE = Automatic;
				CURRENT_PROJECT_VERSION = 25;
				DEVELOPMENT_TEAM = WHV4D5B6R6;
				GENERATE_INFOPLIST_FILE = YES;
				IPHONEOS_DEPLOYMENT_TARGET = 17.0;
				MARKETING_VERSION = 2.5.0;
				PRODUCT_BUNDLE_IDENTIFIER = Mawj.SafaTests;
				PRODUCT_NAME = "$(TARGET_NAME)";
				STRING_CATALOG_GENERATE_SYMBOLS = NO;
				SWIFT_APPROACHABLE_CONCURRENCY = YES;
				SWIFT_EMIT_LOC_STRINGS = NO;
				SWIFT_UPCOMING_FEATURE_MEMBER_IMPORT_VISIBILITY = YES;
				SWIFT_VERSION = 5.0;
				TARGETED_DEVICE_FAMILY = "1,2";
				TEST_HOST = "$(BUILT_PRODUCTS_DIR)/Safa.app/$(BUNDLE_EXECUTABLE_FOLDER_PATH)/Safa";
			};
			name = Release;
		};
		76F09FB02F32DE72007EB798 /* Debug */ = {
			isa = XCBuildConfiguration;
			buildSettings = {
				CODE_SIGN_STYLE = Automatic;
				CURRENT_PROJECT_VERSION = 25;
				DEVELOPMENT_TEAM = WHV4D5B6R6;
				GENERATE_INFOPLIST_FILE = YES;
				MARKETING_VERSION = 2.5.0;
				PRODUCT_BUNDLE_IDENTIFIER = Mawj.SafaUITests;
				PRODUCT_NAME = "$(TARGET_NAME)";
				STRING_CATALOG_GENERATE_SYMBOLS = NO;
				SWIFT_APPROACHABLE_CONCURRENCY = YES;
				SWIFT_EMIT_LOC_STRINGS = NO;
				SWIFT_UPCOMING_FEATURE_MEMBER_IMPORT_VISIBILITY = YES;
				SWIFT_VERSION = 5.0;
				TARGETED_DEVICE_FAMILY = "1,2";
				TEST_TARGET_NAME = Safa;
			};
			name = Debug;
		};
		76F09FB12F32DE72007EB798 /* Release */ = {
			isa = XCBuildConfiguration;
			buildSettings = {
				CODE_SIGN_STYLE = Automatic;
				CURRENT_PROJECT_VERSION = 25;
				DEVELOPMENT_TEAM = WHV4D5B6R6;
				GENERATE_INFOPLIST_FILE = YES;
				MARKETING_VERSION = 2.5.0;
				PRODUCT_BUNDLE_IDENTIFIER = Mawj.SafaUITests;
				PRODUCT_NAME = "$(TARGET_NAME)";
				STRING_CATALOG_GENERATE_SYMBOLS = NO;
				SWIFT_APPROACHABLE_CONCURRENCY = YES;
				SWIFT_EMIT_LOC_STRINGS = NO;
				SWIFT_UPCOMING_FEATURE_MEMBER_IMPORT_VISIBILITY = YES;
				SWIFT_VERSION = 5.0;
				TARGETED_DEVICE_FAMILY = "1,2";
				TEST_TARGET_NAME = Safa;
			};
			name = Release;
		};
		76F0B07D2F37B494007EB798 /* Debug */ = {
			isa = XCBuildConfiguration;
			buildSettings = {
				ASSETCATALOG_COMPILER_GLOBAL_ACCENT_COLOR_NAME = AccentColor;
				ASSETCATALOG_COMPILER_WIDGET_BACKGROUND_COLOR_NAME = WidgetBackground;
				CODE_SIGN_ENTITLEMENTS = SafaWidgetExtension/SafaWidgetExtension.entitlements;
				CODE_SIGN_STYLE = Automatic;
				CURRENT_PROJECT_VERSION = 25;
				DEVELOPMENT_TEAM = WHV4D5B6R6;
				GENERATE_INFOPLIST_FILE = YES;
				INFOPLIST_FILE = SafaWidgetExtension/Info.plist;
				INFOPLIST_KEY_CFBundleDisplayName = SafaWidgetExtension;
				INFOPLIST_KEY_NSHumanReadableCopyright = "";
				LD_RUNPATH_SEARCH_PATHS = (
					"$(inherited)",
					"@executable_path/Frameworks",
					"@executable_path/../../Frameworks",
				);
				MARKETING_VERSION = 2.5.0;
				PRODUCT_BUNDLE_IDENTIFIER = Mawj.Safa.SafaWidgetExtension;
				PRODUCT_NAME = "$(TARGET_NAME)";
				SKIP_INSTALL = YES;
				STRING_CATALOG_GENERATE_SYMBOLS = YES;
				SWIFT_APPROACHABLE_CONCURRENCY = YES;
				SWIFT_EMIT_LOC_STRINGS = YES;
				SWIFT_UPCOMING_FEATURE_MEMBER_IMPORT_VISIBILITY = YES;
				SWIFT_VERSION = 5.0;
				TARGETED_DEVICE_FAMILY = "1,2";
			};
			name = Debug;
		};
		76F0B07E2F37B494007EB798 /* Release */ = {
			isa = XCBuildConfiguration;
			buildSettings = {
				ASSETCATALOG_COMPILER_GLOBAL_ACCENT_COLOR_NAME = AccentColor;
				ASSETCATALOG_COMPILER_WIDGET_BACKGROUND_COLOR_NAME = WidgetBackground;
				CODE_SIGN_ENTITLEMENTS = SafaWidgetExtension/SafaWidgetExtension.entitlements;
				CODE_SIGN_STYLE = Automatic;
				CURRENT_PROJECT_VERSION = 25;
				DEVELOPMENT_TEAM = WHV4D5B6R6;
				GENERATE_INFOPLIST_FILE = YES;
				INFOPLIST_FILE = SafaWidgetExtension/Info.plist;
				INFOPLIST_KEY_CFBundleDisplayName = SafaWidgetExtension;
				INFOPLIST_KEY_NSHumanReadableCopyright = "";
				LD_RUNPATH_SEARCH_PATHS = (
					"$(inherited)",
					"@executable_path/Frameworks",
					"@executable_path/../../Frameworks",
				);
				MARKETING_VERSION = 2.5.0;
				PRODUCT_BUNDLE_IDENTIFIER = Mawj.Safa.SafaWidgetExtension;
				PRODUCT_NAME = "$(TARGET_NAME)";
				SKIP_INSTALL = YES;
				STRING_CATALOG_GENERATE_SYMBOLS = YES;
				SWIFT_APPROACHABLE_CONCURRENCY = YES;
				SWIFT_EMIT_LOC_STRINGS = YES;
				SWIFT_UPCOMING_FEATURE_MEMBER_IMPORT_VISIBILITY = YES;
				SWIFT_VERSION = 5.0;
				TARGETED_DEVICE_FAMILY = "1,2";
			};
			name = Release;
		};
		76F0B0B42F37D6C2007EB798 /* Debug */ = {
			isa = XCBuildConfiguration;
			buildSettings = {
				BUNDLE_LOADER = "$(TEST_HOST)";
				CODE_SIGN_STYLE = Automatic;
				CURRENT_PROJECT_VERSION = 25;
				DEVELOPMENT_TEAM = WHV4D5B6R6;
				GENERATE_INFOPLIST_FILE = YES;
				MARKETING_VERSION = 2.5.0;
				PRODUCT_BUNDLE_IDENTIFIER = Mawj.Safa.SafaWidgetTests;
				PRODUCT_NAME = "$(TARGET_NAME)";
				STRING_CATALOG_GENERATE_SYMBOLS = NO;
				SWIFT_APPROACHABLE_CONCURRENCY = YES;
				SWIFT_EMIT_LOC_STRINGS = NO;
				SWIFT_UPCOMING_FEATURE_MEMBER_IMPORT_VISIBILITY = YES;
				SWIFT_VERSION = 5.0;
				TARGETED_DEVICE_FAMILY = "1,2";
				TEST_HOST = "$(BUILT_PRODUCTS_DIR)/Safa.app/$(BUNDLE_EXECUTABLE_FOLDER_PATH)/Safa";
			};
			name = Debug;
		};
		76F0B0B52F37D6C2007EB798 /* Release */ = {
			isa = XCBuildConfiguration;
			buildSettings = {
				BUNDLE_LOADER = "$(TEST_HOST)";
				CODE_SIGN_STYLE = Automatic;
				CURRENT_PROJECT_VERSION = 25;
				DEVELOPMENT_TEAM = WHV4D5B6R6;
				GENERATE_INFOPLIST_FILE = YES;
				MARKETING_VERSION = 2.5.0;
				PRODUCT_BUNDLE_IDENTIFIER = Mawj.Safa.SafaWidgetTests;
				PRODUCT_NAME = "$(TARGET_NAME)";
				STRING_CATALOG_GENERATE_SYMBOLS = NO;
				SWIFT_APPROACHABLE_CONCURRENCY = YES;
				SWIFT_EMIT_LOC_STRINGS = NO;
				SWIFT_UPCOMING_FEATURE_MEMBER_IMPORT_VISIBILITY = YES;
				SWIFT_VERSION = 5.0;
				TARGETED_DEVICE_FAMILY = "1,2";
				TEST_HOST = "$(BUILT_PRODUCTS_DIR)/Safa.app/$(BUNDLE_EXECUTABLE_FOLDER_PATH)/Safa";
			};
			name = Release;
		};
/* End XCBuildConfiguration section */

/* Begin XCConfigurationList section */
		76F09F7E2F32DE70007EB798 /* Build configuration list for PBXProject "Safa" */ = {
			isa = XCConfigurationList;
			buildConfigurations = (
				76F09FAA2F32DE72007EB798 /* Debug */,
				76F09FAB2F32DE72007EB798 /* Release */,
			);
			defaultConfigurationIsVisible = 0;
			defaultConfigurationName = Release;
		};
		76F09FA72F32DE72007EB798 /* Build configuration list for PBXNativeTarget "Safa" */ = {
			isa = XCConfigurationList;
			buildConfigurations = (
				76F09FA82F32DE72007EB798 /* Debug */,
				76F09FA92F32DE72007EB798 /* Release */,
			);
			defaultConfigurationIsVisible = 0;
			defaultConfigurationName = Release;
		};
		76F09FAC2F32DE72007EB798 /* Build configuration list for PBXNativeTarget "SafaTests" */ = {
			isa = XCConfigurationList;
			buildConfigurations = (
				76F09FAD2F32DE72007EB798 /* Debug */,
				76F09FAE2F32DE72007EB798 /* Release */,
			);
			defaultConfigurationIsVisible = 0;
			defaultConfigurationName = Release;
		};
		76F09FAF2F32DE72007EB798 /* Build configuration list for PBXNativeTarget "SafaUITests" */ = {
			isa = XCConfigurationList;
			buildConfigurations = (
				76F09FB02F32DE72007EB798 /* Debug */,
				76F09FB12F32DE72007EB798 /* Release */,
			);
			defaultConfigurationIsVisible = 0;
			defaultConfigurationName = Release;
		};
		76F0B07F2F37B494007EB798 /* Build configuration list for PBXNativeTarget "SafaWidgetExtensionExtension" */ = {
			isa = XCConfigurationList;
			buildConfigurations = (
				76F0B07D2F37B494007EB798 /* Debug */,
				76F0B07E2F37B494007EB798 /* Release */,
			);
			defaultConfigurationIsVisible = 0;
			defaultConfigurationName = Release;
		};
		76F0B0B32F37D6C2007EB798 /* Build configuration list for PBXNativeTarget "SafaWidgetTests" */ = {
			isa = XCConfigurationList;
			buildConfigurations = (
				76F0B0B42F37D6C2007EB798 /* Debug */,
				76F0B0B52F37D6C2007EB798 /* Release */,
			);
			defaultConfigurationIsVisible = 0;
			defaultConfigurationName = Release;
		};
/* End XCConfigurationList section */

/* Begin XCLocalSwiftPackageReference section */
		76F0B0B82F37DB1F007EB798 /* XCLocalSwiftPackageReference "SafaShared" */ = {
			isa = XCLocalSwiftPackageReference;
			relativePath = SafaShared;
		};
/* End XCLocalSwiftPackageReference section */

/* Begin XCRemoteSwiftPackageReference section */
		B1A2C3D42F40000000000001 /* XCRemoteSwiftPackageReference "adhan-swift" */ = {
			isa = XCRemoteSwiftPackageReference;
			repositoryURL = "https://github.com/batoulapps/adhan-swift";
			requirement = {
				kind = upToNextMajorVersion;
				minimumVersion = 1.0.0;
			};
		};
/* End XCRemoteSwiftPackageReference section */

/* Begin XCSwiftPackageProductDependency section */
		76F0B0B92F37DB1F007EB798 /* SafaShared */ = {
			isa = XCSwiftPackageProductDependency;
			productName = SafaShared;
		};
		76F0B0BB2F37DBC1007EB798 /* SafaShared */ = {
			isa = XCSwiftPackageProductDependency;
			package = 76F0B0B82F37DB1F007EB798 /* XCLocalSwiftPackageReference "SafaShared" */;
			productName = SafaShared;
		};
		B1A2C3D42F40000000000002 /* Adhan */ = {
			isa = XCSwiftPackageProductDependency;
			package = B1A2C3D42F40000000000001 /* XCRemoteSwiftPackageReference "adhan-swift" */;
			productName = Adhan;
		};
/* End XCSwiftPackageProductDependency section */
	};
	rootObject = 76F09F7B2F32DE70007EB798 /* Project object */;
}
